// !$*UTF8*$!
{
	archiveVersion = 1;
	classes = {
	};
	objectVersion = 50;
	objects = {

/* Begin PBXBuildFile section */
		FEFEEBDA25DDD0AF006BC5E2 /* AppDelegate.swift in Sources */ = {isa = PBXBuildFile; fileRef = FEFEEBD925DDD0AF006BC5E2 /* AppDelegate.swift */; };
		FEFEEBDC25DDD0AF006BC5E2 /* SceneDelegate.swift in Sources */ = {isa = PBXBuildFile; fileRef = FEFEEBDB25DDD0AF006BC5E2 /* SceneDelegate.swift */; };
		FEFEEBE125DDD0AF006BC5E2 /* Main.storyboard in Resources */ = {isa = PBXBuildFile; fileRef = FEFEEBDF25DDD0AF006BC5E2 /* Main.storyboard */; };
		FEFEEBE325DDD0B2006BC5E2 /* Assets.xcassets in Resources */ = {isa = PBXBuildFile; fileRef = FEFEEBE225DDD0B2006BC5E2 /* Assets.xcassets */; };
		FEFEEBE625DDD0B2006BC5E2 /* LaunchScreen.storyboard in Resources */ = {isa = PBXBuildFile; fileRef = FEFEEBE425DDD0B2006BC5E2 /* LaunchScreen.storyboard */; };
		FEFEEBF025DDD142006BC5E2 /* TableViewController.swift in Sources */ = {isa = PBXBuildFile; fileRef = FEFEEBEF25DDD142006BC5E2 /* TableViewController.swift */; };
		FEFEEBF525DDD1F3006BC5E2 /* TableViewCell.swift in Sources */ = {isa = PBXBuildFile; fileRef = FEFEEBF325DDD1F3006BC5E2 /* TableViewCell.swift */; };
		FEFEEBF625DDD1F3006BC5E2 /* TableViewCell.xib in Resources */ = {isa = PBXBuildFile; fileRef = FEFEEBF425DDD1F3006BC5E2 /* TableViewCell.xib */; };
/* End PBXBuildFile section */

/* Begin PBXFileReference section */
		FEFEEBD625DDD0AF006BC5E2 /* TableViewXib.app */ = {isa = PBXFileReference; explicitFileType = wrapper.application; includeInIndex = 0; path = TableViewXib.app; sourceTree = BUILT_PRODUCTS_DIR; };
		FEFEEBD925DDD0AF006BC5E2 /* AppDelegate.swift */ = {isa = PBXFileReference; lastKnownFileType = sourcecode.swift; path = AppDelegate.swift; sourceTree = "<group>"; };
		FEFEEBDB25DDD0AF006BC5E2 /* SceneDelegate.swift */ = {isa = PBXFileReference; lastKnownFileType = sourcecode.swift; path = SceneDelegate.swift; sourceTree = "<group>"; };
		FEFEEBE025DDD0AF006BC5E2 /* Base */ = {isa = PBXFileReference; lastKnownFileType = file.storyboard; name = Base; path = Base.lproj/Main.storyboard; sourceTree = "<group>"; };
		FEFEEBE225DDD0B2006BC5E2 /* Assets.xcassets */ = {isa = PBXFileReference; lastKnownFileType = folder.assetcatalog; path = Assets.xcassets; sourceTree = "<group>"; };
		FEFEEBE525DDD0B2006BC5E2 /* Base */ = {isa = PBXFileReference; lastKnownFileType = file.storyboard; name = Base; path = Base.lproj/LaunchScreen.storyboard; sourceTree = "<group>"; };
		FEFEEBE725DDD0B2006BC5E2 /* Info.plist */ = {isa = PBXFileReference; lastKnownFileType = text.plist.xml; path = Info.plist; sourceTree = "<group>"; };
		FEFEEBEF25DDD142006BC5E2 /* TableViewController.swift */ = {isa = PBXFileReference; lastKnownFileType = sourcecode.swift; path = TableViewController.swift; sourceTree = "<group>"; };
		FEFEEBF325DDD1F3006BC5E2 /* TableViewCell.swift */ = {isa = PBXFileReference; lastKnownFileType = sourcecode.swift; path = TableViewCell.swift; sourceTree = "<group>"; };
		FEFEEBF425DDD1F3006BC5E2 /* TableViewCell.xib */ = {isa = PBXFileReference; lastKnownFileType = file.xib; path = TableViewCell.xib; sourceTree = "<group>"; };
/* End PBXFileReference section */

/* Begin PBXFrameworksBuildPhase section */
		FEFEEBD325DDD0AF006BC5E2 /* Frameworks */ = {
			isa = PBXFrameworksBuildPhase;
			buildActionMask = 2147483647;
			files = (
			);
			runOnlyForDeploymentPostprocessing = 0;
		};
/* End PBXFrameworksBuildPhase section */

/* Begin PBXGroup section */
		FEFEEBCD25DDD0AF006BC5E2 = {
			isa = PBXGroup;
			children = (
				FEFEEBD825DDD0AF006BC5E2 /* TableViewXib */,
				FEFEEBD725DDD0AF006BC5E2 /* Products */,
			);
			sourceTree = "<group>";
		};
		FEFEEBD725DDD0AF006BC5E2 /* Products */ = {
			isa = PBXGroup;
			children = (
				FEFEEBD625DDD0AF006BC5E2 /* TableViewXib.app */,
			);
			name = Products;
			sourceTree = "<group>";
		};
		FEFEEBD825DDD0AF006BC5E2 /* TableViewXib */ = {
			isa = PBXGroup;
			children = (
				FEFEEBD925DDD0AF006BC5E2 /* AppDelegate.swift */,
				FEFEEBDB25DDD0AF006BC5E2 /* SceneDelegate.swift */,
				FEFEEBDF25DDD0AF006BC5E2 /* Main.storyboard */,
				FEFEEBE225DDD0B2006BC5E2 /* Assets.xcassets */,
				FEFEEBE425DDD0B2006BC5E2 /* LaunchScreen.storyboard */,
				FEFEEBE725DDD0B2006BC5E2 /* Info.plist */,
				FEFEEBEF25DDD142006BC5E2 /* TableViewController.swift */,
				FEFEEBF325DDD1F3006BC5E2 /* TableViewCell.swift */,
				FEFEEBF425DDD1F3006BC5E2 /* TableViewCell.xib */,
			);
			path = TableViewXib;
			sourceTree = "<group>";
		};
/* End PBXGroup section */

/* Begin PBXNativeTarget section */
		FEFEEBD525DDD0AF006BC5E2 /* TableViewXib */ = {
			isa = PBXNativeTarget;
			buildConfigurationList = FEFEEBEA25DDD0B2006BC5E2 /* Build configuration list for PBXNativeTarget "TableViewXib" */;
			buildPhases = (
				FEFEEBD225DDD0AF006BC5E2 /* Sources */,
				FEFEEBD325DDD0AF006BC5E2 /* Frameworks */,
				FEFEEBD425DDD0AF006BC5E2 /* Resources */,
			);
			buildRules = (
			);
			dependencies = (
			);
			name = TableViewXib;
			productName = TableViewXib;
			productReference = FEFEEBD625DDD0AF006BC5E2 /* TableViewXib.app */;
			productType = "com.apple.product-type.application";
		};
/* End PBXNativeTarget section */

/* Begin PBXProject section */
		FEFEEBCE25DDD0AF006BC5E2 /* Project object */ = {
			isa = PBXProject;
			attributes = {
				LastSwiftUpdateCheck = 1240;
				LastUpgradeCheck = 1240;
				TargetAttributes = {
					FEFEEBD525DDD0AF006BC5E2 = {
						CreatedOnToolsVersion = 12.4;
					};
				};
			};
			buildConfigurationList = FEFEEBD125DDD0AF006BC5E2 /* Build configuration list for PBXProject "TableViewXib" */;
			compatibilityVersion = "Xcode 9.3";
			developmentRegion = en;
			hasScannedForEncodings = 0;
			knownRegions = (
				en,
				Base,
			);
			mainGroup = FEFEEBCD25DDD0AF006BC5E2;
			productRefGroup = FEFEEBD725DDD0AF006BC5E2 /* Products */;
			projectDirPath = "";
			projectRoot = "";
			targets = (
				FEFEEBD525DDD0AF006BC5E2 /* TableViewXib */,
			);
		};
/* End PBXProject section */

/* Begin PBXResourcesBuildPhase section */
		FEFEEBD425DDD0AF006BC5E2 /* Resources */ = {
			isa = PBXResourcesBuildPhase;
			buildActionMask = 2147483647;
			files = (
				FEFEEBE625DDD0B2006BC5E2 /* LaunchScreen.storyboard in Resources */,
				FEFEEBF625DDD1F3006BC5E2 /* TableViewCell.xib in Resources */,
				FEFEEBE325DDD0B2006BC5E2 /* Assets.xcassets in Resources */,
				FEFEEBE125DDD0AF006BC5E2 /* Main.storyboard in Resources */,
			);
			runOnlyForDeploymentPostprocessing = 0;
		};
/* End PBXResourcesBuildPhase section */

/* Begin PBXSourcesBuildPhase section */
		FEFEEBD225DDD0AF006BC5E2 /* Sources */ = {
			isa = PBXSourcesBuildPhase;
			buildActionMask = 2147483647;
			files = (
				FEFEEBDA25DDD0AF006BC5E2 /* AppDelegate.swift in Sources */,
				FEFEEBF525DDD1F3006BC5E2 /* TableViewCell.swift in Sources */,
				FEFEEBF025DDD142006BC5E2 /* TableViewController.swift in Sources */,
				FEFEEBDC25DDD0AF006BC5E2 /* SceneDelegate.swift in Sources */,
			);
			runOnlyForDeploymentPostprocessing = 0;
		};
/* End PBXSourcesBuildPhase section */

/* Begin PBXVariantGroup section */
		FEFEEBDF25DDD0AF006BC5E2 /* Main.storyboard */ = {
			isa = PBXVariantGroup;
			children = (
				FEFEEBE025DDD0AF006BC5E2 /* Base */,
			);
			name = Main.storyboard;
			sourceTree = "<group>";
		};
		FEFEEBE425DDD0B2006BC5E2 /* LaunchScreen.storyboard */ = {
			isa = PBXVariantGroup;
			children = (
				FEFEEBE525DDD0B2006BC5E2 /* Base */,
			);
			name = LaunchScreen.storyboard;
			sourceTree = "<group>";
		};
/* End PBXVariantGroup section */

/* Begin XCBuildConfiguration section */
		FEFEEBE825DDD0B2006BC5E2 /* Debug */ = {
			isa = XCBuildConfiguration;
			buildSettings = {
				ALWAYS_SEARCH_USER_PATHS = NO;
				CLANG_ANALYZER_NONNULL = YES;
				CLANG_ANALYZER_NUMBER_OBJECT_CONVERSION = YES_AGGRESSIVE;
				CLANG_CXX_LANGUAGE_STANDARD = "gnu++14";
				CLANG_CXX_LIBRARY = "libc++";
				CLANG_ENABLE_MODULES = YES;
				CLANG_ENABLE_OBJC_ARC = YES;
				CLANG_ENABLE_OBJC_WEAK = YES;
				CLANG_WARN_BLOCK_CAPTURE_AUTORELEASING = YES;
				CLANG_WARN_BOOL_CONVERSION = YES;
				CLANG_WARN_COMMA = YES;
				CLANG_WARN_CONSTANT_CONVERSION = YES;
				CLANG_WARN_DEPRECATED_OBJC_IMPLEMENTATIONS = YES;
				CLANG_WARN_DIRECT_OBJC_ISA_USAGE = YES_ERROR;
				CLANG_WARN_DOCUMENTATION_COMMENTS = YES;
				CLANG_WARN_EMPTY_BODY = YES;
				CLANG_WARN_ENUM_CONVERSION = YES;
				CLANG_WARN_INFINITE_RECURSION = YES;
				CLANG_WARN_INT_CONVERSION = YES;
				CLANG_WARN_NON_LITERAL_NULL_CONVERSION = YES;
				CLANG_WARN_OBJC_IMPLICIT_RETAIN_SELF = YES;
				CLANG_WARN_OBJC_LITERAL_CONVERSION = YES;
				CLANG_WARN_OBJC_ROOT_CLASS = YES_ERROR;
				CLANG_WARN_QUOTED_INCLUDE_IN_FRAMEWORK_HEADER = YES;
				CLANG_WARN_RANGE_LOOP_ANALYSIS = YES;
				CLANG_WARN_STRICT_PROTOTYPES = YES;
				CLANG_WARN_SUSPICIOUS_MOVE = YES;
				CLANG_WARN_UNGUARDED_AVAILABILITY = YES_AGGRESSIVE;
				CLANG_WARN_UNREACHABLE_CODE = YES;
				CLANG_WARN__DUPLICATE_METHOD_MATCH = YES;
				COPY_PHASE_STRIP = NO;
				DEBUG_INFORMATION_FORMAT = dwarf;
				ENABLE_STRICT_OBJC_MSGSEND = YES;
				ENABLE_TESTABILITY = YES;
				GCC_C_LANGUAGE_STANDARD = gnu11;
				GCC_DYNAMIC_NO_PIC = NO;
				GCC_NO_COMMON_BLOCKS = YES;
				GCC_OPTIMIZATION_LEVEL = 0;
				GCC_PREPROCESSOR_DEFINITIONS = (
					"DEBUG=1",
					"$(inherited)",
				);
				GCC_WARN_64_TO_32_BIT_CONVERSION = YES;
				GCC_WARN_ABOUT_RETURN_TYPE = YES_ERROR;
				GCC_WARN_UNDECLARED_SELECTOR = YES;
				GCC_WARN_UNINITIALIZED_AUTOS = YES_AGGRESSIVE;
				GCC_WARN_UNUSED_FUNCTION = YES;
				GCC_WARN_UNUSED_VARIABLE = YES;
				IPHONEOS_DEPLOYMENT_TARGET = 14.4;
				MTL_ENABLE_DEBUG_INFO = INCLUDE_SOURCE;
				MTL_FAST_MATH = YES;
				ONLY_ACTIVE_ARCH = YES;
				SDKROOT = iphoneos;
				SWIFT_ACTIVE_COMPILATION_CONDITIONS = DEBUG;
				SWIFT_OPTIMIZATION_LEVEL = "-Onone";
			};
			name = Debug;
		};
		FEFEEBE925DDD0B2006BC5E2 /* Release */ = {
			isa = XCBuildConfiguration;
			buildSettings = {
				ALWAYS_SEARCH_USER_PATHS = NO;
				CLANG_ANALYZER_NONNULL = YES;
				CLANG_ANALYZER_NUMBER_OBJECT_CONVERSION = YES_AGGRESSIVE;
				CLANG_CXX_LANGUAGE_STANDARD = "gnu++14";
				CLANG_CXX_LIBRARY = "libc++";
				CLANG_ENABLE_MODULES = YES;
				CLANG_ENABLE_OBJC_ARC = YES;
				CLANG_ENABLE_OBJC_WEAK = YES;
				CLANG_WARN_BLOCK_CAPTURE_AUTORELEASING = YES;
				CLANG_WARN_BOOL_CONVERSION = YES;
				CLANG_WARN_COMMA = YES;
				CLANG_WARN_CONSTANT_CONVERSION = YES;
				CLANG_WARN_DEPRECATED_OBJC_IMPLEMENTATIONS = YES;
				CLANG_WARN_DIRECT_OBJC_ISA_USAGE = YES_ERROR;
				CLANG_WARN_DOCUMENTATION_COMMENTS = YES;
				CLANG_WARN_EMPTY_BODY = YES;
				CLANG_WARN_ENUM_CONVERSION = YES;
				CLANG_WARN_INFINITE_RECURSION = YES;
				CLANG_WARN_INT_CONVERSION = YES;
				CLANG_WARN_NON_LITERAL_NULL_CONVERSION = YES;
				CLANG_WARN_OBJC_IMPLICIT_RETAIN_SELF = YES;
				CLANG_WARN_OBJC_LITERAL_CONVERSION = YES;
				CLANG_WARN_OBJC_ROOT_CLASS = YES_ERROR;
				CLANG_WARN_QUOTED_INCLUDE_IN_FRAMEWORK_HEADER = YES;
				CLANG_WARN_RANGE_LOOP_ANALYSIS = YES;
				CLANG_WARN_STRICT_PROTOTYPES = YES;
				CLANG_WARN_SUSPICIOUS_MOVE = YES;
				CLANG_WARN_UNGUARDED_AVAILABILITY = YES_AGGRESSIVE;
				CLANG_WARN_UNREACHABLE_CODE = YES;
				CLANG_WARN__DUPLICATE_METHOD_MATCH = YES;
				COPY_PHASE_STRIP = NO;
				DEBUG_INFORMATION_FORMAT = "dwarf-with-dsym";
				ENABLE_NS_ASSERTIONS = NO;
				ENABLE_STRICT_OBJC_MSGSEND = YES;
				GCC_C_LANGUAGE_STANDARD = gnu11;
				GCC_NO_COMMON_BLOCKS = YES;
				GCC_WARN_64_TO_32_BIT_CONVERSION = YES;
				GCC_WARN_ABOUT_RETURN_TYPE = YES_ERROR;
				GCC_WARN_UNDECLARED_SELECTOR = YES;
				GCC_WARN_UNINITIALIZED_AUTOS = YES_AGGRESSIVE;
				GCC_WARN_UNUSED_FUNCTION = YES;
				GCC_WARN_UNUSED_VARIABLE = YES;
				IPHONEOS_DEPLOYMENT_TARGET = 14.4;
				MTL_ENABLE_DEBUG_INFO = NO;
				MTL_FAST_MATH = YES;
				SDKROOT = iphoneos;
				SWIFT_COMPILATION_MODE = wholemodule;
				SWIFT_OPTIMIZATION_LEVEL = "-O";
				VALIDATE_PRODUCT = YES;
			};
			name = Release;
		};
		FEFEEBEB25DDD0B2006BC5E2 /* Debug */ = {
			isa = XCBuildConfiguration;
			buildSettings = {
				ASSETCATALOG_COMPILER_APPICON_NAME = AppIcon;
				ASSETCATALOG_COMPILER_GLOBAL_ACCENT_COLOR_NAME = AccentColor;
				CODE_SIGN_STYLE = Automatic;
				INFOPLIST_FILE = TableViewXib/Info.plist;
				LD_RUNPATH_SEARCH_PATHS = (
					"$(inherited)",
					"@executable_path/Frameworks",
				);
				PRODUCT_BUNDLE_IDENTIFIER = edu.northeastern.tsengf.TableViewXib;
				PRODUCT_NAME = "$(TARGET_NAME)";
				SWIFT_VERSION = 5.0;
				TARGETED_DEVICE_FAMILY = "1,2";
			};
			name = Debug;
		};
		FEFEEBEC25DDD0B2006BC5E2 /* Release */ = {
			isa = XCBuildConfiguration;
			buildSettings = {
				ASSETCATALOG_COMPILER_APPICON_NAME = AppIcon;
				ASSETCATALOG_COMPILER_GLOBAL_ACCENT_COLOR_NAME = AccentColor;
				CODE_SIGN_STYLE = Automatic;
				INFOPLIST_FILE = TableViewXib/Info.plist;
				LD_RUNPATH_SEARCH_PATHS = (
					"$(inherited)",
					"@executable_path/Frameworks",
				);
				PRODUCT_BUNDLE_IDENTIFIER = edu.northeastern.tsengf.TableViewXib;
				PRODUCT_NAME = "$(TARGET_NAME)";
				SWIFT_VERSION = 5.0;
				TARGETED_DEVICE_FAMILY = "1,2";
			};
			name = Release;
		};
/* End XCBuildConfiguration section */

/* Begin XCConfigurationList section */
		FEFEEBD125DDD0AF006BC5E2 /* Build configuration list for PBXProject "TableViewXib" */ = {
			isa = XCConfigurationList;
			buildConfigurations = (
				FEFEEBE825DDD0B2006BC5E2 /* Debug */,
				FEFEEBE925DDD0B2006BC5E2 /* Release */,
			);
			defaultConfigurationIsVisible = 0;
			defaultConfigurationName = Release;
		};
		FEFEEBEA25DDD0B2006BC5E2 /* Build configuration list for PBXNativeTarget "TableViewXib" */ = {
			isa = XCConfigurationList;
			buildConfigurations = (
				FEFEEBEB25DDD0B2006BC5E2 /* Debug */,
				FEFEEBEC25DDD0B2006BC5E2 /* Release */,
			);
			defaultConfigurationIsVisible = 0;
			defaultConfigurationName = Release;
		};
/* End XCConfigurationList section */
	};
	rootObject = FEFEEBCE25DDD0AF006BC5E2 /* Project object */;
}
